github.com/PuerkitoBio/goquery v1.5.1 h1:PSPBGne8NIUWw+/7vFBV+kG2J/5MOjbzc7154OaKCSE=
github.com/PuerkitoBio/goquery v1.5.1/go.mod h1:GsLWisAFVj4WgDibEWF4pvYnkVQBpKBKeU+7zCJoLcc=
github.com/abiosoft/readline v0.0.0-20180607040430-155bce2042db h1:CjPUSXOiYptLbTdr1RceuZgSFDQ7U15ITERUGrUORx8=
github.com/abiosoft/readline v0.0.0-20180607040430-155bce2042db/go.mod h1:rB3B4rKii8V21ydCbIzH5hZiCQE7f5E9SzUb/ZZx530=
github.com/alaingilbert/clockwork v0.1.0 h1:NCw/SumZWsxMZnR7sOowsCpqwQOWiuE6hO/MizzwSI4=
github.com/alaingilbert/clockwork v0.1.0/go.mod h1:YeWgj4cWbHxtx84adUefC05mTiKGZfjKNwGGVnA1W6g=
github.com/alaingilbert/clockwork v0.1.1-0.20200117075841-891256a24209 h1:X2PLaXYK9kPDScClx4IdBOZvJsRHx6LnA++VCa0lY58=
github.com/alaingilbert/clockwork v0.1.1-0.20200117075841-891256a24209/go.mod h1:YeWgj4cWbHxtx84adUefC05mTiKGZfjKNwGGVnA1W6g=
github.com/andybalholm/cascadia v1.1.0 h1:BuuO6sSfQNFRu1LppgbD25Hr2vLYW25JvxHs5zzsLTo=
github.com/andybalholm/cascadia v1.1.0/go.mod h1:GsXiBklL0woXo1j/WYWtSYYC4ouU9PqHO0sqidkEA4Y=
github.com/chzyer/logex v1.1.10/go.mod h1:+Ywpsq7O8HXn0nuIou7OrIPyXbp3wmkHB+jjWRnGsAI=
github.com/chzyer/readline v0.0.0-20180603132655-2972be24d48e/go.mod h1:nSuG5e5PlCu98SY8svDHJxuZscDgtXS6KTTbou5AhLI=
github.com/chzyer/test v0.0.0-20180213035817-a1ea475d72b1/go.mod h1:Q3SI9o4m/ZMnBNeIyt5eFwwo7qiLfzFZmjNmxjkiQlU=
github.com/davecgh/go-spew v1.1.0 h1:ZDRjVQ15GmhC3fiQ8ni8+OwkZQO4DARzQgrnXU1Liz8=
github.com/davecgh/go-spew v1.1.0/go.mod h1:J7Y8YcW2NihsgmVo/mv3lAwl/skON4iLHjSsI+c5H38=
github.com/dgrijalva/jwt-go v3.2.0+incompatible h1:7qlOGliEKZXTDg6OTjfoBKDXWrumCAMpl/TFQ4/5kLM=
github.com/dgrijalva/jwt-go v3.2.0+incompatible/go.mod h1:E3ru+11k8xSBh+hMPgOLZmtrrCbhqsmaPHjLKYnJCaQ=
github.com/dustin/go-humanize v1.0.0 h1:VSnTsYCnlFHaM2/igO1h6X3HA71jcobQuxemgkq4zYo=
github.com/dustin/go-humanize v1.0.0/go.mod h1:HtrtbFcZ19U5GC7JDqmcUSB87Iq5E25KnS6fMYU6eOk=
github.com/fatih/color v1.9.0 h1:8xPHl4/q1VyqGIPif1F+1V3Y3lSmrq01EabUW3CoW5s=
github.com/fatih/color v1.9.0/go.mod h1:eQcE1qtQxscV5RaZvpXrrb8Drkc3/DdQ+uUYCNjL+zU=
github.com/flynn-archive/go-shlex v0.0.0-20150515145356-3f9db97f8568 h1:BMXYYRWTLOJKlh+lOBt6nUQgXAfB7oVIQt5cNreqSLI=
github.com/flynn-archive/go-shlex v0.0.0-20150515145356-3f9db97f8568/go.mod h1:rZfgFAXFS/z/lEd6LJmf9HVZ1LkgYiHx5pHhV5DR16M=
github.com/frankban/quicktest v1.2.2/go.mod h1:Qh/WofXFeiAFII1aEBu529AtJo6Zg2VHscnEsbBnJ20=
github.com/go-errors/errors v1.0.1 h1:LUHzmkK3GUKUrL/1gfBUxAHzcev3apQlezX/+O7ma6w=
github.com/go-errors/errors v1.0.1/go.mod h1:f4zRHt4oKfwPJE5k8C9vpYG+aDHdBFUsgrm6/TyX73Q=
github.com/golang/text v0.3.2 h1:vDAeTQXl8YUdGoj2vMsMnzHi1xMJJ9S7iwnTBFL/pkA=
github.com/google/go-cmp v0.2.1-0.20190312032427-6f77996f0c42/go.mod h1:8QqcDgzrUqlUb/G2PQTWiueGozuR1884gddMywk6iLU=
github.com/google/gxui v0.0.0-20151028112939-f85e0a97b3a4 h1:OL2d27ueTKnlQJoqLW2fc9pWYulFnJYLWzomGV7HqZo=
github.com/google/gxui v0.0.0-20151028112939-f85e0a97b3a4/go.mod h1:Pw1H1OjSNHiqeuxAduB1BKYXIwFtsyrY47nEqSgEiCM=
github.com/gorilla/websocket v1.4.1 h1:q7AeDBpnBk8AogcD4DSag/Ukw/KV+YhzLj2bP5HvKCM=
github.com/gorilla/websocket v1.4.1/go.mod h1:YR8l580nyteQvAITg2hZ9XVh4b55+EU/adAjf1fMHhE=
github.com/hashicorp/go-version v1.2.0 h1:3vNe/fWF5CBgRIguda1meWhsZHy3m8gCJ5wx+dIzX/E=
github.com/hashicorp/go-version v1.2.0/go.mod h1:fltr4n8CU8Ke44wwGCBoEymUuxUHl09ZGVZPK5anwXA=
github.com/juju/go4 v0.0.0-20160222163258-40d72ab9641a h1:45JtCyuNYE+QN9aPuR1ID9++BQU+NMTMudHSuaK0Las=
github.com/juju/go4 v0.0.0-20160222163258-40d72ab9641a/go.mod h1:RVHtZuvrpETIepiNUrNlih2OynoFf1eM6DGC6dloXzk=
github.com/juju/persistent-cookiejar v0.0.0-20171026135701-d5e5a8405ef9 h1:5g7E7WtWRslad/0fq68VHgHhFRvTWo30VDaEJ5KEvEc=
github.com/juju/persistent-cookiejar v0.0.0-20171026135701-d5e5a8405ef9/go.mod h1:zrbmo4nBKaiP/Ez3F67ewkMbzGYfXyMvRtbOfuAwG0w=
github.com/kr/pretty v0.1.0/go.mod h1:dAy3ld7l9f0ibDNOQOHHMYYIIbhfbHSm3C4ZsoJORNo=
github.com/kr/pty v1.1.1/go.mod h1:pFQYn66WHrOpPYNljwOMqo10TkYh1fy3cYio2l3bCsQ=
github.com/kr/text v0.1.0/go.mod h1:4Jbv+DJW3UT/LiOwJeYQe1efqtUx/iVham/4vfdArNI=
github.com/labstack/echo v3.3.10+incompatible h1:pGRcYk231ExFAyoAjAfD85kQzRJCRI8bbnE7CX5OEgg=
github.com/labstack/echo v3.3.10+incompatible/go.mod h1:0INS7j/VjnFxD4E2wkz67b8cVwCLbBmJyDaka6Cmk1s=
github.com/labstack/gommon v0.3.0 h1:JEeO0bvc78PKdyHxloTKiF8BD5iGrH8T6MSeGvSgob0=
github.com/labstack/gommon v0.3.0/go.mod h1:MULnywXg0yavhxWKc+lOruYdAhDwPK9wf0OL7NoOu+k=
github.com/magiconair/properties v1.8.1 h1:ZC2Vc7/ZFkGmsVC9KvOjumD+G5lXy2RtTKyzRKO2BQ4=
github.com/magiconair/properties v1.8.1/go.mod h1:PppfXfuXeibc/6YijjN8zIbojt8czPbwD3XqdrwzmxQ=
github.com/mattn/go-colorable v0.1.2/go.mod h1:U0ppj6V5qS13XJ6of8GYAs25YV2eR4EVcfRqFIhoBtE=
github.com/mattn/go-colorable v0.1.4 h1:snbPLB8fVfU9iwbbo30TPtbLRzwWu6aJS6Xh4eaaviA=
github.com/mattn/go-colorable v0.1.4/go.mod h1:U0ppj6V5qS13XJ6of8GYAs25YV2eR4EVcfRqFIhoBtE=
github.com/mattn/go-isatty v0.0.8/go.mod h1:Iq45c/XA43vh69/j3iqttzPXn0bhXyGjM0Hdxcsrc5s=
github.com/mattn/go-isatty v0.0.9/go.mod h1:YNRxwqDuOph6SZLI9vUUz6OYw3QyUt7WiY2yME+cCiQ=
github.com/mattn/go-isatty v0.0.11 h1:FxPOTFNqGkuDUGi3H/qkUbQO4ZiBa2brKq5r0l8TGeM=
github.com/mattn/go-isatty v0.0.11/go.mod h1:PhnuNfih5lzO57/f3n+odYbM4JtupLOxQOAqxQCu2WE=
github.com/mattn/go-runewidth v0.0.7 h1:Ei8KR0497xHyKJPAv59M1dkC+rOZCMBJ+t3fZ+twI54=
github.com/mattn/go-runewidth v0.0.7/go.mod h1:H031xJmbD/WCDINGzjvQ9THkh0rPKHF+m2gUSrubnMI=
github.com/olekukonko/tablewriter v0.0.4 h1:vHD/YYe1Wolo78koG299f7V/VAS08c6IpCLn+Ejf/w8=
github.com/olekukonko/tablewriter v0.0.4/go.mod h1:zq6QwlOf5SlnkVbMSr5EoBv3636FWnp+qbPhuoO21uA=
github.com/pkg/errors v0.9.1 h1:FEBLx1zS214owpjy7qsBeixbURkuhQAwrK5UwLGTwt4=
github.com/pkg/errors v0.9.1/go.mod h1:bwawxfHBFNV+L2hUp1rHADufV3IMtnDRdf1r5NINEl0=
github.com/pmezard/go-difflib v1.0.0 h1:4DBwDE0NGyQoBHbLQYPwSUPoCMWR5BEzIk/f1lZbAQM=
github.com/pmezard/go-difflib v1.0.0/go.mod h1:iKH77koFhYxTK1pcRnkKkqfTogsbg7gZNVY4sRDYZ/4=
github.com/rogpeppe/clock v0.0.0-20190514195947-2896927a307a/go.mod h1:4r5QyqhjIWCcK8DO4KMclc5Iknq5qVBAlbYYzAbUScQ=
github.com/stretchr/objx v0.1.0/go.mod h1:HFkY916IF+rwdDfMAkV7OtwuqBVzrE8GR6GFx+wExME=
github.com/stretchr/testify v1.4.0 h1:2E4SXV/wtOkTonXsotYi4li6zVWxYlZuYNCXe9XRJyk=
github.com/stretchr/testify v1.4.0/go.mod h1:j7eGeouHqKxXV5pUuKE4zz7dFj8WfuZ+81PSLYec5m4=
github.com/valyala/bytebufferpool v1.0.0 h1:GqA5TC/0021Y/b9FG4Oi9Mr3q7XYx6KllzawFIhcdPw=
github.com/valyala/bytebufferpool v1.0.0/go.mod h1:6bBcMArwyJ5K/AmCkWv1jt77kVWyCJ6HpOuEn7z0Csc=
github.com/valyala/fasttemplate v1.0.1/go.mod h1:UQGH1tvbgY+Nz5t2n7tXsz52dQxojPUpymEIMZ47gx8=
github.com/valyala/fasttemplate v1.1.0 h1:RZqt0yGBsps8NGvLSGW804QQqCUYYLsaOjTVHy1Ocw4=
github.com/valyala/fasttemplate v1.1.0/go.mod h1:UQGH1tvbgY+Nz5t2n7tXsz52dQxojPUpymEIMZ47gx8=
github.com/yuin/gopher-lua v0.0.0-20191220021717-ab39c6098bdb h1:ZkM6LRnq40pR1Ox0hTHlnpkcOTuFIDQpZ1IN8rKKhX0=
github.com/yuin/gopher-lua v0.0.0-20191220021717-ab39c6098bdb/go.mod h1:gqRgreBUhTSL0GeU64rtZ3Uq3wtjOa/TB2YfrtkCbVQ=
golang.org/x/crypto v0.0.0-20190308221718-c2843e01d9a2 h1:VklqNMn3ovrHsnt90PveolxSbWFaJdECFbxSq0Mqo2M=
golang.org/x/crypto v0.0.0-20190308221718-c2843e01d9a2/go.mod h1:djNgcEr1/C05ACkg1iLfiJU5Ep61QUkGW8qpdssI0+w=
golang.org/x/net v0.0.0-20180218175443-cbe0f9307d01/go.mod h1:mL1N/T3taQHkDXs73rZJwtUhF3w3ftmwwsq0BUmARs4=
golang.org/x/net v0.0.0-20200202094626-16171245cfb2 h1:CCH4IOTTfewWjGOlSp+zGcjutRKlBEZQ6wTn8ozI/nI=
golang.org/x/net v0.0.0-20200202094626-16171245cfb2/go.mod h1:z5CRVTTTmAJ677TzLLGU+0bjPO0LkuOLi4/5GtJWs/s=
golang.org/x/sys v0.0.0-20190204203706-41f3e6584952/go.mod h1:STP8DvDyc/dI5b8T5hshtkjS+E42TnysNCUPdjciGhY=
golang.org/x/sys v0.0.0-20190215142949-d0b11bdaac8a/go.mod h1:STP8DvDyc/dI5b8T5hshtkjS+E42TnysNCUPdjciGhY=
golang.org/x/sys v0.0.0-20190222072716-a9d3bda3a223/go.mod h1:STP8DvDyc/dI5b8T5hshtkjS+E42TnysNCUPdjciGhY=
golang.org/x/sys v0.0.0-20190813064441-fde4db37ae7a/go.mod h1:h1NjWce9XRLGQEsW7wpKNCjG9DtNlClVuFLEZdDNbEs=
golang.org/x/sys v0.0.0-20191026070338-33540a1f6037 h1:YyJpGZS1sBuBCzLAR1VEpK193GlqGZbnPFnPV/5Rsb4=
golang.org/x/sys v0.0.0-20191026070338-33540a1f6037/go.mod h1:h1NjWce9XRLGQEsW7wpKNCjG9DtNlClVuFLEZdDNbEs=
golang.org/x/text v0.3.0/go.mod h1:NqM8EUOU14njkJ3fqMW+pc6Ldnwhi/IjpwHt7yyuwOQ=
golang.org/x/text v0.3.2 h1:tW2bmiBqwgJj/UpqtC8EpXEZVYOwU0yG4iWbprSVAcs=
golang.org/x/text v0.3.2/go.mod h1:bEr9sfX3Q8Zfm5fL9x+3itogRgK3+ptLWKqgva+5dAk=
golang.org/x/tools v0.0.0-20180917221912-90fa682c2a6e/go.mod h1:n7NCudcB/nEzxVGmLbDWY5pfWTLqBcC2KZ6jyYvM4mQ=
gopkg.in/abiosoft/ishell.v2 v2.0.0 h1:/J5yh3nWYSSGFjALcitTI9CLE0Tu27vBYHX0srotqOc=
gopkg.in/abiosoft/ishell.v2 v2.0.0/go.mod h1:sFp+cGtH6o4s1FtpVPTMcHq2yue+c4DGOVohJCPUzwY=
gopkg.in/check.v1 v0.0.0-20161208181325-20d25e280405/go.mod h1:Co6ibVJAznAaIkqp8huTwlJQCZ016jof/cbN4VW5Yz0=
gopkg.in/errgo.v1 v1.0.1 h1:oQFRXzZ7CkBGdm1XZm/EbQYaYNNEElNBOd09M6cqNso=
gopkg.in/errgo.v1 v1.0.1/go.mod h1:3NjfXwocQRYAPTq4/fzX+CwUhPRcR/azYRhj8G+LqMo=
gopkg.in/retry.v1 v1.0.3 h1:a9CArYczAVv6Qs6VGoLMio99GEs7kY9UzSF9+LD+iGs=
gopkg.in/retry.v1 v1.0.3/go.mod h1:FJkXmWiMaAo7xB+xhvDF59zhfjDWyzmyAxiT4dB688g=
gopkg.in/urfave/cli.v2 v2.0.0-20180128182452-d3ae77c26ac8 h1:Ggy3mWN4l3PUFPfSG0YB3n5fVYggzysUmiUQ89SnX6Y=
gopkg.in/urfave/cli.v2 v2.0.0-20180128182452-d3ae77c26ac8/go.mod h1:cKXr3E0k4aosgycml1b5z33BVV6hai1Kh7uDgFOkbcs=
gopkg.in/yaml.v2 v2.2.2 h1:ZCJp+EgiOT7lHqUV2J862kp8Qj64Jo6az82+3Td9dZw=
gopkg.in/yaml.v2 v2.2.2/go.mod h1:hI93XBmqTisBFMUTm0b8Fm+jr3Dg1NNxqwp+5A1VGuI=
